
Microsoft Visual Studio Solution File, Format Version 12.00
# Visual Studio Version 16
VisualStudioVersion = 16.0.30907.101
MinimumVisualStudioVersion = 10.0.40219.1
Project("{9A19103F-16F7-4668-BE54-9A1E7A4F7556}") = "LambdaExpressions", "LambdaExpressions\LambdaExpressions.csproj", "{A9EE373E-3218-46C1-83B2-950396B87505}"
EndProject
Project("{FAE04EC0-301F-11D3-BF4B-00C04F79EFBC}") = "FuncDelegate", "Func\FuncDelegate.csproj", "{9D583CA1-B074-4095-AA93-694E9646172A}"
EndProject
Project("{FAE04EC0-301F-11D3-BF4B-00C04F79EFBC}") = "ActionDelegate", "ActionDelegate\ActionDelegate.csproj", "{EF77BB9A-D5F9-4E4B-99AC-B6F45CD8F748}"
EndProject
Global
	GlobalSection(SolutionConfigurationPlatforms) = preSolution
		Debug|Any CPU = Debug|Any CPU
		Release|Any CPU = Release|Any CPU
	EndGlobalSection
	GlobalSection(ProjectConfigurationPlatforms) = postSolution
		{A9EE373E-3218-46C1-83B2-950396B87505}.Debug|Any CPU.ActiveCfg = Debug|Any CPU
		{A9EE373E-3218-46C1-83B2-950396B87505}.Debug|Any CPU.Build.0 = Debug|Any CPU
		{A9EE373E-3218-46C1-83B2-950396B87505}.Release|Any CPU.ActiveCfg = Release|Any CPU
		{A9EE373E-3218-46C1-83B2-950396B87505}.Release|Any CPU.Build.0 = Release|Any CPU
		{9D583CA1-B074-4095-AA93-694E9646172A}.Debug|Any CPU.ActiveCfg = Debug|Any CPU
		{9D583CA1-B074-4095-AA93-694E9646172A}.Debug|Any CPU.Build.0 = Debug|Any CPU
		{9D583CA1-B074-4095-AA93-694E9646172A}.Release|Any CPU.ActiveCfg = Release|Any CPU
		{9D583CA1-B074-4095-AA93-694E9646172A}.Release|Any CPU.Build.0 = Release|Any CPU
		{EF77BB9A-D5F9-4E4B-99AC-B6F45CD8F748}.Debug|Any CPU.ActiveCfg = Debug|Any CPU
		{EF77BB9A-D5F9-4E4B-99AC-B6F45CD8F748}.Debug|Any CPU.Build.0 = Debug|Any CPU
		{EF77BB9A-D5F9-4E4B-99AC-B6F45CD8F748}.Release|Any CPU.ActiveCfg = Release|Any CPU
		{EF77BB9A-D5F9-4E4B-99AC-B6F45CD8F748}.Release|Any CPU.Build.0 = Release|Any CPU
	EndGlobalSection
	GlobalSection(SolutionProperties) = preSolution
		HideSolutionNode = FALSE
	EndGlobalSection
	GlobalSection(ExtensibilityGlobals) = postSolution
		SolutionGuid = {1BD89A19-BD52-4369-AA87-3DE7B6AA0EBE}
	EndGlobalSection
EndGlobal
