
Microsoft Visual Studio Solution File, Format Version 12.00
# Visual Studio Version 16
VisualStudioVersion = 16.0.30907.101
MinimumVisualStudioVersion = 10.0.40219.1
Project("{9A19103F-16F7-4668-BE54-9A1E7A4F7556}") = "LambdaExpressions", "LambdaExpressions\LambdaExpressions.csproj", "{A9EE373E-3218-46C1-83B2-950396B87505}"
EndProject
Project("{9A19103F-16F7-4668-BE54-9A1E7A4F7556}") = "FuncDelegate", "Func\FuncDelegate.csproj", "{9D583CA1-B074-4095-AA93-694E9646172A}"
EndProject
Project("{9A19103F-16F7-4668-BE54-9A1E7A4F7556}") = "ActionDelegate", "ActionDelegate\ActionDelegate.csproj", "{EF77BB9A-D5F9-4E4B-99AC-B6F45CD8F748}"
EndProject
Project("{9A19103F-16F7-4668-BE54-9A1E7A4F7556}") = "Delegates", "Delegates\Delegates.csproj", "{99A076D0-5310-409D-9BDC-65EE8FD173D2}"
EndProject
Project("{2150E333-8FDC-42A3-9474-1A3956D46DE8}") = "lambda exercises", "lambda exercises", "{EF23D7EB-6E69-42B8-9D3F-2D9F3B880A95}"
EndProject
Project("{9A19103F-16F7-4668-BE54-9A1E7A4F7556}") = "Exercise1", "Exercise1\Exercise1.csproj", "{D15C0DF4-0BBA-4C98-8746-AB103CCA2268}"
EndProject
Project("{FAE04EC0-301F-11D3-BF4B-00C04F79EFBC}") = "Exercise2", "Exercise2\Exercise2.csproj", "{3A62DA89-B7B8-409B-BCC8-07BC3449A85C}"
EndProject
Project("{9A19103F-16F7-4668-BE54-9A1E7A4F7556}") = "Exercise3", "Exercise3\Exercise3.csproj", "{544A4BBE-2FFB-45E9-B87B-EF4FF84DA1F7}"
EndProject
Project("{9A19103F-16F7-4668-BE54-9A1E7A4F7556}") = "Exercise4", "Exercise4\Exercise4.csproj", "{FCC120BB-30B7-4DF3-8560-6788BC016B74}"
EndProject
Project("{9A19103F-16F7-4668-BE54-9A1E7A4F7556}") = "Exercise5", "Exercise5\Exercise5.csproj", "{CB46C6CE-659A-4883-9977-183E1FA05A6E}"
EndProject
Project("{9A19103F-16F7-4668-BE54-9A1E7A4F7556}") = "Exercise6", "Exercise6\Exercise6.csproj", "{8736335E-F888-4EFF-A2D4-40BBB20826BF}"
EndProject
Project("{9A19103F-16F7-4668-BE54-9A1E7A4F7556}") = "Exercise7", "Exercise7\Exercise7.csproj", "{FFD963B4-6525-434F-96C8-8F2B57F68988}"
EndProject
Global
	GlobalSection(SolutionConfigurationPlatforms) = preSolution
		Debug|Any CPU = Debug|Any CPU
		Release|Any CPU = Release|Any CPU
	EndGlobalSection
	GlobalSection(ProjectConfigurationPlatforms) = postSolution
		{A9EE373E-3218-46C1-83B2-950396B87505}.Debug|Any CPU.ActiveCfg = Debug|Any CPU
		{A9EE373E-3218-46C1-83B2-950396B87505}.Debug|Any CPU.Build.0 = Debug|Any CPU
		{A9EE373E-3218-46C1-83B2-950396B87505}.Release|Any CPU.ActiveCfg = Release|Any CPU
		{A9EE373E-3218-46C1-83B2-950396B87505}.Release|Any CPU.Build.0 = Release|Any CPU
		{9D583CA1-B074-4095-AA93-694E9646172A}.Debug|Any CPU.ActiveCfg = Debug|Any CPU
		{9D583CA1-B074-4095-AA93-694E9646172A}.Debug|Any CPU.Build.0 = Debug|Any CPU
		{9D583CA1-B074-4095-AA93-694E9646172A}.Release|Any CPU.ActiveCfg = Release|Any CPU
		{9D583CA1-B074-4095-AA93-694E9646172A}.Release|Any CPU.Build.0 = Release|Any CPU
		{EF77BB9A-D5F9-4E4B-99AC-B6F45CD8F748}.Debug|Any CPU.ActiveCfg = Debug|Any CPU
		{EF77BB9A-D5F9-4E4B-99AC-B6F45CD8F748}.Debug|Any CPU.Build.0 = Debug|Any CPU
		{EF77BB9A-D5F9-4E4B-99AC-B6F45CD8F748}.Release|Any CPU.ActiveCfg = Release|Any CPU
		{EF77BB9A-D5F9-4E4B-99AC-B6F45CD8F748}.Release|Any CPU.Build.0 = Release|Any CPU
		{99A076D0-5310-409D-9BDC-65EE8FD173D2}.Debug|Any CPU.ActiveCfg = Debug|Any CPU
		{99A076D0-5310-409D-9BDC-65EE8FD173D2}.Debug|Any CPU.Build.0 = Debug|Any CPU
		{99A076D0-5310-409D-9BDC-65EE8FD173D2}.Release|Any CPU.ActiveCfg = Release|Any CPU
		{99A076D0-5310-409D-9BDC-65EE8FD173D2}.Release|Any CPU.Build.0 = Release|Any CPU
		{D15C0DF4-0BBA-4C98-8746-AB103CCA2268}.Debug|Any CPU.ActiveCfg = Debug|Any CPU
		{D15C0DF4-0BBA-4C98-8746-AB103CCA2268}.Debug|Any CPU.Build.0 = Debug|Any CPU
		{D15C0DF4-0BBA-4C98-8746-AB103CCA2268}.Release|Any CPU.ActiveCfg = Release|Any CPU
		{D15C0DF4-0BBA-4C98-8746-AB103CCA2268}.Release|Any CPU.Build.0 = Release|Any CPU
		{3A62DA89-B7B8-409B-BCC8-07BC3449A85C}.Debug|Any CPU.ActiveCfg = Debug|Any CPU
		{3A62DA89-B7B8-409B-BCC8-07BC3449A85C}.Debug|Any CPU.Build.0 = Debug|Any CPU
		{3A62DA89-B7B8-409B-BCC8-07BC3449A85C}.Release|Any CPU.ActiveCfg = Release|Any CPU
		{3A62DA89-B7B8-409B-BCC8-07BC3449A85C}.Release|Any CPU.Build.0 = Release|Any CPU
		{544A4BBE-2FFB-45E9-B87B-EF4FF84DA1F7}.Debug|Any CPU.ActiveCfg = Debug|Any CPU
		{544A4BBE-2FFB-45E9-B87B-EF4FF84DA1F7}.Debug|Any CPU.Build.0 = Debug|Any CPU
		{544A4BBE-2FFB-45E9-B87B-EF4FF84DA1F7}.Release|Any CPU.ActiveCfg = Release|Any CPU
		{544A4BBE-2FFB-45E9-B87B-EF4FF84DA1F7}.Release|Any CPU.Build.0 = Release|Any CPU
		{FCC120BB-30B7-4DF3-8560-6788BC016B74}.Debug|Any CPU.ActiveCfg = Debug|Any CPU
		{FCC120BB-30B7-4DF3-8560-6788BC016B74}.Debug|Any CPU.Build.0 = Debug|Any CPU
		{FCC120BB-30B7-4DF3-8560-6788BC016B74}.Release|Any CPU.ActiveCfg = Release|Any CPU
		{FCC120BB-30B7-4DF3-8560-6788BC016B74}.Release|Any CPU.Build.0 = Release|Any CPU
		{CB46C6CE-659A-4883-9977-183E1FA05A6E}.Debug|Any CPU.ActiveCfg = Debug|Any CPU
		{CB46C6CE-659A-4883-9977-183E1FA05A6E}.Debug|Any CPU.Build.0 = Debug|Any CPU
		{CB46C6CE-659A-4883-9977-183E1FA05A6E}.Release|Any CPU.ActiveCfg = Release|Any CPU
		{CB46C6CE-659A-4883-9977-183E1FA05A6E}.Release|Any CPU.Build.0 = Release|Any CPU
		{8736335E-F888-4EFF-A2D4-40BBB20826BF}.Debug|Any CPU.ActiveCfg = Debug|Any CPU
		{8736335E-F888-4EFF-A2D4-40BBB20826BF}.Debug|Any CPU.Build.0 = Debug|Any CPU
		{8736335E-F888-4EFF-A2D4-40BBB20826BF}.Release|Any CPU.ActiveCfg = Release|Any CPU
		{8736335E-F888-4EFF-A2D4-40BBB20826BF}.Release|Any CPU.Build.0 = Release|Any CPU
		{FFD963B4-6525-434F-96C8-8F2B57F68988}.Debug|Any CPU.ActiveCfg = Debug|Any CPU
		{FFD963B4-6525-434F-96C8-8F2B57F68988}.Debug|Any CPU.Build.0 = Debug|Any CPU
		{FFD963B4-6525-434F-96C8-8F2B57F68988}.Release|Any CPU.ActiveCfg = Release|Any CPU
		{FFD963B4-6525-434F-96C8-8F2B57F68988}.Release|Any CPU.Build.0 = Release|Any CPU
	EndGlobalSection
	GlobalSection(SolutionProperties) = preSolution
		HideSolutionNode = FALSE
	EndGlobalSection
	GlobalSection(NestedProjects) = preSolution
		{D15C0DF4-0BBA-4C98-8746-AB103CCA2268} = {EF23D7EB-6E69-42B8-9D3F-2D9F3B880A95}
		{3A62DA89-B7B8-409B-BCC8-07BC3449A85C} = {EF23D7EB-6E69-42B8-9D3F-2D9F3B880A95}
		{544A4BBE-2FFB-45E9-B87B-EF4FF84DA1F7} = {EF23D7EB-6E69-42B8-9D3F-2D9F3B880A95}
		{FCC120BB-30B7-4DF3-8560-6788BC016B74} = {EF23D7EB-6E69-42B8-9D3F-2D9F3B880A95}
		{CB46C6CE-659A-4883-9977-183E1FA05A6E} = {EF23D7EB-6E69-42B8-9D3F-2D9F3B880A95}
		{8736335E-F888-4EFF-A2D4-40BBB20826BF} = {EF23D7EB-6E69-42B8-9D3F-2D9F3B880A95}
		{FFD963B4-6525-434F-96C8-8F2B57F68988} = {EF23D7EB-6E69-42B8-9D3F-2D9F3B880A95}
	EndGlobalSection
	GlobalSection(ExtensibilityGlobals) = postSolution
		SolutionGuid = {1BD89A19-BD52-4369-AA87-3DE7B6AA0EBE}
	EndGlobalSection
EndGlobal
